
Microsoft Visual Studio Solution File, Format Version 12.00
# Visual Studio 15
VisualStudioVersion = 15.0.28307.572
MinimumVisualStudioVersion = 10.0.40219.1
Project("{8BC9CEB8-8B4A-11D0-8D11-00A0C91BC942}") = "база данных", "база данных\база данных.vcxproj", "{8511AA9A-A887-4482-9E53-DECE603F60E7}"
EndProject
Global
	GlobalSection(SolutionConfigurationPlatforms) = preSolution
		Debug|x64 = Debug|x64
		Debug|x86 = Debug|x86
		Release|x64 = Release|x64
		Release|x86 = Release|x86
	EndGlobalSection
	GlobalSection(ProjectConfigurationPlatforms) = postSolution
		{8511AA9A-A887-4482-9E53-DECE603F60E7}.Debug|x64.ActiveCfg = Debug|x64
		{8511AA9A-A887-4482-9E53-DECE603F60E7}.Debug|x64.Build.0 = Debug|x64
		{8511AA9A-A887-4482-9E53-DECE603F60E7}.Debug|x86.ActiveCfg = Debug|Win32
		{8511AA9A-A887-4482-9E53-DECE603F60E7}.Debug|x86.Build.0 = Debug|Win32
		{8511AA9A-A887-4482-9E53-DECE603F60E7}.Release|x64.ActiveCfg = Release|x64
		{8511AA9A-A887-4482-9E53-DECE603F60E7}.Release|x64.Build.0 = Release|x64
		{8511AA9A-A887-4482-9E53-DECE603F60E7}.Release|x86.ActiveCfg = Release|Win32
		{8511AA9A-A887-4482-9E53-DECE603F60E7}.Release|x86.Build.0 = Release|Win32
	EndGlobalSection
	GlobalSection(SolutionProperties) = preSolution
		HideSolutionNode = FALSE
	EndGlobalSection
	GlobalSection(ExtensibilityGlobals) = postSolution
		SolutionGuid = {9D3DE5ED-9A9B-4930-AC47-7E491FB4A136}
	EndGlobalSection
EndGlobal
